// !$*UTF8*$!
{
	archiveVersion = 1;
	classes = {
	};
	objectVersion = 48;
	objects = {

/* Begin PBXBuildFile section */
		1332A683A7D05D44E23C2B51 /* Pods_bitcoin.framework in Frameworks */ = {isa = PBXBuildFile; fileRef = 4120177897C14A5C44FA750A /* Pods_bitcoin.framework */; };
		D4082F011F1B36760040C016 /* LineChartViewExtension.swift in Sources */ = {isa = PBXBuildFile; fileRef = D4082F001F1B36760040C016 /* LineChartViewExtension.swift */; };
		D408A4CA1F1AB9FF00FE0680 /* UIColorExtension.swift in Sources */ = {isa = PBXBuildFile; fileRef = D408A4C91F1AB9FF00FE0680 /* UIColorExtension.swift */; };
		D411A3DD1F1969A300C4772B /* NetworkHandler.swift in Sources */ = {isa = PBXBuildFile; fileRef = D411A3DC1F1969A300C4772B /* NetworkHandler.swift */; };
		D411A3DE1F1969A300C4772B /* NetworkHandler.swift in Sources */ = {isa = PBXBuildFile; fileRef = D411A3DC1F1969A300C4772B /* NetworkHandler.swift */; };
		D411A3E01F19724A00C4772B /* ObjectMapper.swift in Sources */ = {isa = PBXBuildFile; fileRef = D411A3DF1F19724A00C4772B /* ObjectMapper.swift */; };
		D411A3E11F19724A00C4772B /* ObjectMapper.swift in Sources */ = {isa = PBXBuildFile; fileRef = D411A3DF1F19724A00C4772B /* ObjectMapper.swift */; };
		D4168E951F1AAA9200AFE9CE /* ChartData.swift in Sources */ = {isa = PBXBuildFile; fileRef = D4168E941F1AAA9200AFE9CE /* ChartData.swift */; };
		D4168E961F1AAA9200AFE9CE /* ChartData.swift in Sources */ = {isa = PBXBuildFile; fileRef = D4168E941F1AAA9200AFE9CE /* ChartData.swift */; };
		D46A19BA1F1923280038B44C /* AppDelegate.swift in Sources */ = {isa = PBXBuildFile; fileRef = D46A19B91F1923280038B44C /* AppDelegate.swift */; };
		D46A19BC1F1923280038B44C /* ViewController.swift in Sources */ = {isa = PBXBuildFile; fileRef = D46A19BB1F1923280038B44C /* ViewController.swift */; };
		D46A19BF1F1923280038B44C /* Main.storyboard in Resources */ = {isa = PBXBuildFile; fileRef = D46A19BD1F1923280038B44C /* Main.storyboard */; };
		D46A19C11F1923280038B44C /* Assets.xcassets in Resources */ = {isa = PBXBuildFile; fileRef = D46A19C01F1923280038B44C /* Assets.xcassets */; };
		D46A19C41F1923280038B44C /* LaunchScreen.storyboard in Resources */ = {isa = PBXBuildFile; fileRef = D46A19C21F1923280038B44C /* LaunchScreen.storyboard */; };
		D46A19CF1F1923280038B44C /* bitcoinTests.swift in Sources */ = {isa = PBXBuildFile; fileRef = D46A19CE1F1923280038B44C /* bitcoinTests.swift */; };
		D493862C1F1964B100C3A314 /* ApiProxy.swift in Sources */ = {isa = PBXBuildFile; fileRef = D493862B1F1964B100C3A314 /* ApiProxy.swift */; };
		D493862D1F1964B100C3A314 /* ApiProxy.swift in Sources */ = {isa = PBXBuildFile; fileRef = D493862B1F1964B100C3A314 /* ApiProxy.swift */; };
/* End PBXBuildFile section */

/* Begin PBXContainerItemProxy section */
		D46A19CB1F1923280038B44C /* PBXContainerItemProxy */ = {
			isa = PBXContainerItemProxy;
			containerPortal = D46A19AE1F1923280038B44C /* Project object */;
			proxyType = 1;
			remoteGlobalIDString = D46A19B51F1923280038B44C;
			remoteInfo = bitcoin;
		};
/* End PBXContainerItemProxy section */

/* Begin PBXFileReference section */
		1FCA0C374C32343262BEC41D /* Pods-bitcoin.debug.xcconfig */ = {isa = PBXFileReference; includeInIndex = 1; lastKnownFileType = text.xcconfig; name = "Pods-bitcoin.debug.xcconfig"; path = "Pods/Target Support Files/Pods-bitcoin/Pods-bitcoin.debug.xcconfig"; sourceTree = "<group>"; };
		3601F16841015ECD1668D8A3 /* Pods-bitcoin.release.xcconfig */ = {isa = PBXFileReference; includeInIndex = 1; lastKnownFileType = text.xcconfig; name = "Pods-bitcoin.release.xcconfig"; path = "Pods/Target Support Files/Pods-bitcoin/Pods-bitcoin.release.xcconfig"; sourceTree = "<group>"; };
		4120177897C14A5C44FA750A /* Pods_bitcoin.framework */ = {isa = PBXFileReference; explicitFileType = wrapper.framework; includeInIndex = 0; path = Pods_bitcoin.framework; sourceTree = BUILT_PRODUCTS_DIR; };
		D4082F001F1B36760040C016 /* LineChartViewExtension.swift */ = {isa = PBXFileReference; lastKnownFileType = sourcecode.swift; path = LineChartViewExtension.swift; sourceTree = "<group>"; };
		D408A4C91F1AB9FF00FE0680 /* UIColorExtension.swift */ = {isa = PBXFileReference; lastKnownFileType = sourcecode.swift; path = UIColorExtension.swift; sourceTree = "<group>"; };
		D411A3DC1F1969A300C4772B /* NetworkHandler.swift */ = {isa = PBXFileReference; lastKnownFileType = sourcecode.swift; path = NetworkHandler.swift; sourceTree = "<group>"; };
		D411A3DF1F19724A00C4772B /* ObjectMapper.swift */ = {isa = PBXFileReference; lastKnownFileType = sourcecode.swift; path = ObjectMapper.swift; sourceTree = "<group>"; };
		D4168E941F1AAA9200AFE9CE /* ChartData.swift */ = {isa = PBXFileReference; fileEncoding = 4; lastKnownFileType = sourcecode.swift; path = ChartData.swift; sourceTree = "<group>"; };
		D42E2A691F1929BF007276D1 /* bitcoin-Bridging-Header.h */ = {isa = PBXFileReference; lastKnownFileType = sourcecode.c.h; path = "bitcoin-Bridging-Header.h"; sourceTree = "<group>"; };
		D43CA09A1F1A652200062730 /* README.md */ = {isa = PBXFileReference; lastKnownFileType = net.daringfireball.markdown; path = README.md; sourceTree = "<group>"; };
		D46A19B61F1923280038B44C /* bitcoin.app */ = {isa = PBXFileReference; explicitFileType = wrapper.application; includeInIndex = 0; path = bitcoin.app; sourceTree = BUILT_PRODUCTS_DIR; };
		D46A19B91F1923280038B44C /* AppDelegate.swift */ = {isa = PBXFileReference; lastKnownFileType = sourcecode.swift; path = AppDelegate.swift; sourceTree = "<group>"; };
		D46A19BB1F1923280038B44C /* ViewController.swift */ = {isa = PBXFileReference; lastKnownFileType = sourcecode.swift; path = ViewController.swift; sourceTree = "<group>"; };
		D46A19BE1F1923280038B44C /* Base */ = {isa = PBXFileReference; lastKnownFileType = file.storyboard; name = Base; path = Base.lproj/Main.storyboard; sourceTree = "<group>"; };
		D46A19C01F1923280038B44C /* Assets.xcassets */ = {isa = PBXFileReference; lastKnownFileType = folder.assetcatalog; path = Assets.xcassets; sourceTree = "<group>"; };
		D46A19C31F1923280038B44C /* Base */ = {isa = PBXFileReference; lastKnownFileType = file.storyboard; name = Base; path = Base.lproj/LaunchScreen.storyboard; sourceTree = "<group>"; };
		D46A19C51F1923280038B44C /* Info.plist */ = {isa = PBXFileReference; lastKnownFileType = text.plist.xml; path = Info.plist; sourceTree = "<group>"; };
		D46A19CA1F1923280038B44C /* bitcoinTests.xctest */ = {isa = PBXFileReference; explicitFileType = wrapper.cfbundle; includeInIndex = 0; path = bitcoinTests.xctest; sourceTree = BUILT_PRODUCTS_DIR; };
		D46A19CE1F1923280038B44C /* bitcoinTests.swift */ = {isa = PBXFileReference; lastKnownFileType = sourcecode.swift; path = bitcoinTests.swift; sourceTree = "<group>"; };
		D46A19D01F1923280038B44C /* Info.plist */ = {isa = PBXFileReference; lastKnownFileType = text.plist.xml; path = Info.plist; sourceTree = "<group>"; };
		D46A19DA1F1924B00038B44C /* Podfile */ = {isa = PBXFileReference; lastKnownFileType = text; path = Podfile; sourceTree = "<group>"; xcLanguageSpecificationIdentifier = xcode.lang.ruby; };
		D493862B1F1964B100C3A314 /* ApiProxy.swift */ = {isa = PBXFileReference; lastKnownFileType = sourcecode.swift; path = ApiProxy.swift; sourceTree = "<group>"; };
/* End PBXFileReference section */

/* Begin PBXFrameworksBuildPhase section */
		D46A19B31F1923280038B44C /* Frameworks */ = {
			isa = PBXFrameworksBuildPhase;
			buildActionMask = 2147483647;
			files = (
				1332A683A7D05D44E23C2B51 /* Pods_bitcoin.framework in Frameworks */,
			);
			runOnlyForDeploymentPostprocessing = 0;
		};
		D46A19C71F1923280038B44C /* Frameworks */ = {
			isa = PBXFrameworksBuildPhase;
			buildActionMask = 2147483647;
			files = (
			);
			runOnlyForDeploymentPostprocessing = 0;
		};
/* End PBXFrameworksBuildPhase section */

/* Begin PBXGroup section */
		A2E4EE976B3A443DE96EF15F /* Pods */ = {
			isa = PBXGroup;
			children = (
				1FCA0C374C32343262BEC41D /* Pods-bitcoin.debug.xcconfig */,
				3601F16841015ECD1668D8A3 /* Pods-bitcoin.release.xcconfig */,
			);
			name = Pods;
			sourceTree = "<group>";
		};
		D408A4C81F1AB9BC00FE0680 /* Extensions */ = {
			isa = PBXGroup;
			children = (
				D408A4C91F1AB9FF00FE0680 /* UIColorExtension.swift */,
				D4082F001F1B36760040C016 /* LineChartViewExtension.swift */,
			);
			path = Extensions;
			sourceTree = "<group>";
		};
		D46A19AD1F1923280038B44C = {
			isa = PBXGroup;
			children = (
				D46A19B81F1923280038B44C /* bitcoin */,
				D46A19CD1F1923280038B44C /* bitcoinTests */,
				D46A19B71F1923280038B44C /* Products */,
				A2E4EE976B3A443DE96EF15F /* Pods */,
				E1A6F9EFAB7CADC2E642D660 /* Frameworks */,
				D46A19DA1F1924B00038B44C /* Podfile */,
				D43CA09A1F1A652200062730 /* README.md */,
			);
			sourceTree = "<group>";
		};
		D46A19B71F1923280038B44C /* Products */ = {
			isa = PBXGroup;
			children = (
				D46A19B61F1923280038B44C /* bitcoin.app */,
				D46A19CA1F1923280038B44C /* bitcoinTests.xctest */,
			);
			name = Products;
			sourceTree = "<group>";
		};
		D46A19B81F1923280038B44C /* bitcoin */ = {
			isa = PBXGroup;
			children = (
				D408A4C81F1AB9BC00FE0680 /* Extensions */,
				D493862A1F19649A00C3A314 /* Model */,
				D49386291F19649200C3A314 /* ViewController */,
				D46A19B91F1923280038B44C /* AppDelegate.swift */,
				D46A19BD1F1923280038B44C /* Main.storyboard */,
				D46A19C01F1923280038B44C /* Assets.xcassets */,
				D46A19C21F1923280038B44C /* LaunchScreen.storyboard */,
				D46A19C51F1923280038B44C /* Info.plist */,
				D42E2A691F1929BF007276D1 /* bitcoin-Bridging-Header.h */,
			);
			path = bitcoin;
			sourceTree = "<group>";
		};
		D46A19CD1F1923280038B44C /* bitcoinTests */ = {
			isa = PBXGroup;
			children = (
				D46A19CE1F1923280038B44C /* bitcoinTests.swift */,
				D46A19D01F1923280038B44C /* Info.plist */,
			);
			path = bitcoinTests;
			sourceTree = "<group>";
		};
		D49386291F19649200C3A314 /* ViewController */ = {
			isa = PBXGroup;
			children = (
				D46A19BB1F1923280038B44C /* ViewController.swift */,
			);
			path = ViewController;
			sourceTree = "<group>";
		};
		D493862A1F19649A00C3A314 /* Model */ = {
			isa = PBXGroup;
			children = (
				D493862B1F1964B100C3A314 /* ApiProxy.swift */,
				D411A3DC1F1969A300C4772B /* NetworkHandler.swift */,
				D411A3DF1F19724A00C4772B /* ObjectMapper.swift */,
				D4168E941F1AAA9200AFE9CE /* ChartData.swift */,
			);
			path = Model;
			sourceTree = "<group>";
		};
		E1A6F9EFAB7CADC2E642D660 /* Frameworks */ = {
			isa = PBXGroup;
			children = (
				4120177897C14A5C44FA750A /* Pods_bitcoin.framework */,
			);
			name = Frameworks;
			sourceTree = "<group>";
		};
/* End PBXGroup section */

/* Begin PBXNativeTarget section */
		D46A19B51F1923280038B44C /* bitcoin */ = {
			isa = PBXNativeTarget;
			buildConfigurationList = D46A19D31F1923280038B44C /* Build configuration list for PBXNativeTarget "bitcoin" */;
			buildPhases = (
				C4E2A685AD198F1311AA850C /* [CP] Check Pods Manifest.lock */,
				D46A19B21F1923280038B44C /* Sources */,
				D46A19B31F1923280038B44C /* Frameworks */,
				D46A19B41F1923280038B44C /* Resources */,
				D13070A66ED10FE3129FF6C3 /* [CP] Embed Pods Frameworks */,
				F7311097528D685991F52F7B /* [CP] Copy Pods Resources */,
			);
			buildRules = (
			);
			dependencies = (
			);
			name = bitcoin;
			productName = bitcoin;
			productReference = D46A19B61F1923280038B44C /* bitcoin.app */;
			productType = "com.apple.product-type.application";
		};
		D46A19C91F1923280038B44C /* bitcoinTests */ = {
			isa = PBXNativeTarget;
			buildConfigurationList = D46A19D61F1923280038B44C /* Build configuration list for PBXNativeTarget "bitcoinTests" */;
			buildPhases = (
				D46A19C61F1923280038B44C /* Sources */,
				D46A19C71F1923280038B44C /* Frameworks */,
				D46A19C81F1923280038B44C /* Resources */,
			);
			buildRules = (
			);
			dependencies = (
				D46A19CC1F1923280038B44C /* PBXTargetDependency */,
			);
			name = bitcoinTests;
			productName = bitcoinTests;
			productReference = D46A19CA1F1923280038B44C /* bitcoinTests.xctest */;
			productType = "com.apple.product-type.bundle.unit-test";
		};
/* End PBXNativeTarget section */

/* Begin PBXProject section */
		D46A19AE1F1923280038B44C /* Project object */ = {
			isa = PBXProject;
			attributes = {
				LastSwiftUpdateCheck = 0900;
				LastUpgradeCheck = 0900;
				ORGANIZATIONNAME = "Filipe Santos Correa";
				TargetAttributes = {
					D46A19B51F1923280038B44C = {
						CreatedOnToolsVersion = 9.0;
						LastSwiftMigration = 0900;
					};
					D46A19C91F1923280038B44C = {
						CreatedOnToolsVersion = 9.0;
						LastSwiftMigration = 0900;
						TestTargetID = D46A19B51F1923280038B44C;
					};
				};
			};
			buildConfigurationList = D46A19B11F1923280038B44C /* Build configuration list for PBXProject "bitcoin" */;
			compatibilityVersion = "Xcode 8.0";
			developmentRegion = en;
			hasScannedForEncodings = 0;
			knownRegions = (
				en,
				Base,
			);
			mainGroup = D46A19AD1F1923280038B44C;
			productRefGroup = D46A19B71F1923280038B44C /* Products */;
			projectDirPath = "";
			projectRoot = "";
			targets = (
				D46A19B51F1923280038B44C /* bitcoin */,
				D46A19C91F1923280038B44C /* bitcoinTests */,
			);
		};
/* End PBXProject section */

/* Begin PBXResourcesBuildPhase section */
		D46A19B41F1923280038B44C /* Resources */ = {
			isa = PBXResourcesBuildPhase;
			buildActionMask = 2147483647;
			files = (
				D46A19C41F1923280038B44C /* LaunchScreen.storyboard in Resources */,
				D46A19C11F1923280038B44C /* Assets.xcassets in Resources */,
				D46A19BF1F1923280038B44C /* Main.storyboard in Resources */,
			);
			runOnlyForDeploymentPostprocessing = 0;
		};
		D46A19C81F1923280038B44C /* Resources */ = {
			isa = PBXResourcesBuildPhase;
			buildActionMask = 2147483647;
			files = (
			);
			runOnlyForDeploymentPostprocessing = 0;
		};
/* End PBXResourcesBuildPhase section */

/* Begin PBXShellScriptBuildPhase section */
		C4E2A685AD198F1311AA850C /* [CP] Check Pods Manifest.lock */ = {
			isa = PBXShellScriptBuildPhase;
			buildActionMask = 2147483647;
			files = (
			);
			inputPaths = (
			);
			name = "[CP] Check Pods Manifest.lock";
			outputPaths = (
			);
			runOnlyForDeploymentPostprocessing = 0;
			shellPath = /bin/sh;
			shellScript = "diff \"${PODS_PODFILE_DIR_PATH}/Podfile.lock\" \"${PODS_ROOT}/Manifest.lock\" > /dev/null\nif [ $? != 0 ] ; then\n    # print error to STDERR\n    echo \"error: The sandbox is not in sync with the Podfile.lock. Run 'pod install' or update your CocoaPods installation.\" >&2\n    exit 1\nfi\n";
			showEnvVarsInLog = 0;
		};
		D13070A66ED10FE3129FF6C3 /* [CP] Embed Pods Frameworks */ = {
			isa = PBXShellScriptBuildPhase;
			buildActionMask = 2147483647;
			files = (
			);
			inputPaths = (
			);
			name = "[CP] Embed Pods Frameworks";
			outputPaths = (
			);
			runOnlyForDeploymentPostprocessing = 0;
			shellPath = /bin/sh;
			shellScript = "\"${SRCROOT}/Pods/Target Support Files/Pods-bitcoin/Pods-bitcoin-frameworks.sh\"\n";
			showEnvVarsInLog = 0;
		};
		F7311097528D685991F52F7B /* [CP] Copy Pods Resources */ = {
			isa = PBXShellScriptBuildPhase;
			buildActionMask = 2147483647;
			files = (
			);
			inputPaths = (
			);
			name = "[CP] Copy Pods Resources";
			outputPaths = (
			);
			runOnlyForDeploymentPostprocessing = 0;
			shellPath = /bin/sh;
			shellScript = "\"${SRCROOT}/Pods/Target Support Files/Pods-bitcoin/Pods-bitcoin-resources.sh\"\n";
			showEnvVarsInLog = 0;
		};
/* End PBXShellScriptBuildPhase section */

/* Begin PBXSourcesBuildPhase section */
		D46A19B21F1923280038B44C /* Sources */ = {
			isa = PBXSourcesBuildPhase;
			buildActionMask = 2147483647;
			files = (
				D4168E951F1AAA9200AFE9CE /* ChartData.swift in Sources */,
				D4082F011F1B36760040C016 /* LineChartViewExtension.swift in Sources */,
				D408A4CA1F1AB9FF00FE0680 /* UIColorExtension.swift in Sources */,
				D46A19BC1F1923280038B44C /* ViewController.swift in Sources */,
				D493862C1F1964B100C3A314 /* ApiProxy.swift in Sources */,
				D46A19BA1F1923280038B44C /* AppDelegate.swift in Sources */,
				D411A3DD1F1969A300C4772B /* NetworkHandler.swift in Sources */,
				D411A3E01F19724A00C4772B /* ObjectMapper.swift in Sources */,
			);
			runOnlyForDeploymentPostprocessing = 0;
		};
		D46A19C61F1923280038B44C /* Sources */ = {
			isa = PBXSourcesBuildPhase;
			buildActionMask = 2147483647;
			files = (
				D46A19CF1F1923280038B44C /* bitcoinTests.swift in Sources */,
				D411A3E11F19724A00C4772B /* ObjectMapper.swift in Sources */,
				D4168E961F1AAA9200AFE9CE /* ChartData.swift in Sources */,
				D493862D1F1964B100C3A314 /* ApiProxy.swift in Sources */,
				D411A3DE1F1969A300C4772B /* NetworkHandler.swift in Sources */,
			);
			runOnlyForDeploymentPostprocessing = 0;
		};
/* End PBXSourcesBuildPhase section */

/* Begin PBXTargetDependency section */
		D46A19CC1F1923280038B44C /* PBXTargetDependency */ = {
			isa = PBXTargetDependency;
			target = D46A19B51F1923280038B44C /* bitcoin */;
			targetProxy = D46A19CB1F1923280038B44C /* PBXContainerItemProxy */;
		};
/* End PBXTargetDependency section */

/* Begin PBXVariantGroup section */
		D46A19BD1F1923280038B44C /* Main.storyboard */ = {
			isa = PBXVariantGroup;
			children = (
				D46A19BE1F1923280038B44C /* Base */,
			);
			name = Main.storyboard;
			sourceTree = "<group>";
		};
		D46A19C21F1923280038B44C /* LaunchScreen.storyboard */ = {
			isa = PBXVariantGroup;
			children = (
				D46A19C31F1923280038B44C /* Base */,
			);
			name = LaunchScreen.storyboard;
			sourceTree = "<group>";
		};
/* End PBXVariantGroup section */

/* Begin XCBuildConfiguration section */
		D46A19D11F1923280038B44C /* Debug */ = {
			isa = XCBuildConfiguration;
			buildSettings = {
				ALWAYS_EMBED_SWIFT_STANDARD_LIBRARIES = YES;
				ALWAYS_SEARCH_USER_PATHS = NO;
				CLANG_ANALYZER_NONNULL = YES;
				CLANG_ANALYZER_NUMBER_OBJECT_CONVERSION = YES_AGGRESSIVE;
				CLANG_CXX_LANGUAGE_STANDARD = "gnu++14";
				CLANG_CXX_LIBRARY = "libc++";
				CLANG_ENABLE_MODULES = YES;
				CLANG_ENABLE_OBJC_ARC = YES;
				CLANG_WARN_BLOCK_CAPTURE_AUTORELEASING = YES;
				CLANG_WARN_BOOL_CONVERSION = YES;
				CLANG_WARN_COMMA = YES;
				CLANG_WARN_CONSTANT_CONVERSION = YES;
				CLANG_WARN_DIRECT_OBJC_ISA_USAGE = YES_ERROR;
				CLANG_WARN_DOCUMENTATION_COMMENTS = YES;
				CLANG_WARN_EMPTY_BODY = YES;
				CLANG_WARN_ENUM_CONVERSION = YES;
				CLANG_WARN_INFINITE_RECURSION = YES;
				CLANG_WARN_INT_CONVERSION = YES;
				CLANG_WARN_NON_LITERAL_NULL_CONVERSION = YES;
				CLANG_WARN_OBJC_LITERAL_CONVERSION = YES;
				CLANG_WARN_OBJC_ROOT_CLASS = YES_ERROR;
				CLANG_WARN_RANGE_LOOP_ANALYSIS = YES;
				CLANG_WARN_STRICT_PROTOTYPES = YES;
				CLANG_WARN_SUSPICIOUS_MOVE = YES;
				CLANG_WARN_UNGUARDED_AVAILABILITY = YES_AGGRESSIVE;
				CLANG_WARN_UNREACHABLE_CODE = YES;
				CLANG_WARN__DUPLICATE_METHOD_MATCH = YES;
				CODE_SIGN_IDENTITY = "iPhone Developer";
				COPY_PHASE_STRIP = NO;
				DEBUG_INFORMATION_FORMAT = dwarf;
				ENABLE_STRICT_OBJC_MSGSEND = YES;
				ENABLE_TESTABILITY = YES;
				GCC_C_LANGUAGE_STANDARD = gnu11;
				GCC_DYNAMIC_NO_PIC = NO;
				GCC_NO_COMMON_BLOCKS = YES;
				GCC_OPTIMIZATION_LEVEL = 0;
				GCC_PREPROCESSOR_DEFINITIONS = (
					"DEBUG=1",
					"$(inherited)",
				);
				GCC_WARN_64_TO_32_BIT_CONVERSION = YES;
				GCC_WARN_ABOUT_RETURN_TYPE = YES_ERROR;
				GCC_WARN_UNDECLARED_SELECTOR = YES;
				GCC_WARN_UNINITIALIZED_AUTOS = YES_AGGRESSIVE;
				GCC_WARN_UNUSED_FUNCTION = YES;
				GCC_WARN_UNUSED_VARIABLE = YES;
				IPHONEOS_DEPLOYMENT_TARGET = 11.0;
				MTL_ENABLE_DEBUG_INFO = YES;
				ONLY_ACTIVE_ARCH = YES;
				SDKROOT = iphoneos;
				SWIFT_ACTIVE_COMPILATION_CONDITIONS = DEBUG;
				SWIFT_OPTIMIZATION_LEVEL = "-Onone";
			};
			name = Debug;
		};
		D46A19D21F1923280038B44C /* Release */ = {
			isa = XCBuildConfiguration;
			buildSettings = {
				ALWAYS_EMBED_SWIFT_STANDARD_LIBRARIES = YES;
				ALWAYS_SEARCH_USER_PATHS = NO;
				CLANG_ANALYZER_NONNULL = YES;
				CLANG_ANALYZER_NUMBER_OBJECT_CONVERSION = YES_AGGRESSIVE;
				CLANG_CXX_LANGUAGE_STANDARD = "gnu++14";
				CLANG_CXX_LIBRARY = "libc++";
				CLANG_ENABLE_MODULES = YES;
				CLANG_ENABLE_OBJC_ARC = YES;
				CLANG_WARN_BLOCK_CAPTURE_AUTORELEASING = YES;
				CLANG_WARN_BOOL_CONVERSION = YES;
				CLANG_WARN_COMMA = YES;
				CLANG_WARN_CONSTANT_CONVERSION = YES;
				CLANG_WARN_DIRECT_OBJC_ISA_USAGE = YES_ERROR;
				CLANG_WARN_DOCUMENTATION_COMMENTS = YES;
				CLANG_WARN_EMPTY_BODY = YES;
				CLANG_WARN_ENUM_CONVERSION = YES;
				CLANG_WARN_INFINITE_RECURSION = YES;
				CLANG_WARN_INT_CONVERSION = YES;
				CLANG_WARN_NON_LITERAL_NULL_CONVERSION = YES;
				CLANG_WARN_OBJC_LITERAL_CONVERSION = YES;
				CLANG_WARN_OBJC_ROOT_CLASS = YES_ERROR;
				CLANG_WARN_RANGE_LOOP_ANALYSIS = YES;
				CLANG_WARN_STRICT_PROTOTYPES = YES;
				CLANG_WARN_SUSPICIOUS_MOVE = YES;
				CLANG_WARN_UNGUARDED_AVAILABILITY = YES_AGGRESSIVE;
				CLANG_WARN_UNREACHABLE_CODE = YES;
				CLANG_WARN__DUPLICATE_METHOD_MATCH = YES;
				CODE_SIGN_IDENTITY = "iPhone Developer";
				COPY_PHASE_STRIP = NO;
				DEBUG_INFORMATION_FORMAT = "dwarf-with-dsym";
				ENABLE_NS_ASSERTIONS = NO;
				ENABLE_STRICT_OBJC_MSGSEND = YES;
				GCC_C_LANGUAGE_STANDARD = gnu11;
				GCC_NO_COMMON_BLOCKS = YES;
				GCC_WARN_64_TO_32_BIT_CONVERSION = YES;
				GCC_WARN_ABOUT_RETURN_TYPE = YES_ERROR;
				GCC_WARN_UNDECLARED_SELECTOR = YES;
				GCC_WARN_UNINITIALIZED_AUTOS = YES_AGGRESSIVE;
				GCC_WARN_UNUSED_FUNCTION = YES;
				GCC_WARN_UNUSED_VARIABLE = YES;
				IPHONEOS_DEPLOYMENT_TARGET = 11.0;
				MTL_ENABLE_DEBUG_INFO = NO;
				SDKROOT = iphoneos;
				SWIFT_OPTIMIZATION_LEVEL = "-Owholemodule";
				VALIDATE_PRODUCT = YES;
			};
			name = Release;
		};
		D46A19D41F1923280038B44C /* Debug */ = {
			isa = XCBuildConfiguration;
			baseConfigurationReference = 1FCA0C374C32343262BEC41D /* Pods-bitcoin.debug.xcconfig */;
			buildSettings = {
				ASSETCATALOG_COMPILER_APPICON_NAME = AppIcon;
				INFOPLIST_FILE = bitcoin/Info.plist;
				LD_RUNPATH_SEARCH_PATHS = "$(inherited) @executable_path/Frameworks";
				PRODUCT_BUNDLE_IDENTIFIER = de.santoscorrea.bitcoin;
				PRODUCT_NAME = "$(TARGET_NAME)";
				SWIFT_VERSION = 4.0;
				TARGETED_DEVICE_FAMILY = 1;
			};
			name = Debug;
		};
		D46A19D51F1923280038B44C /* Release */ = {
			isa = XCBuildConfiguration;
			baseConfigurationReference = 3601F16841015ECD1668D8A3 /* Pods-bitcoin.release.xcconfig */;
			buildSettings = {
				ASSETCATALOG_COMPILER_APPICON_NAME = AppIcon;
				INFOPLIST_FILE = bitcoin/Info.plist;
				LD_RUNPATH_SEARCH_PATHS = "$(inherited) @executable_path/Frameworks";
				PRODUCT_BUNDLE_IDENTIFIER = de.santoscorrea.bitcoin;
				PRODUCT_NAME = "$(TARGET_NAME)";
				SWIFT_VERSION = 4.0;
				TARGETED_DEVICE_FAMILY = 1;
			};
			name = Release;
		};
		D46A19D71F1923280038B44C /* Debug */ = {
			isa = XCBuildConfiguration;
			buildSettings = {
				ALWAYS_EMBED_SWIFT_STANDARD_LIBRARIES = YES;
				BUNDLE_LOADER = "$(TEST_HOST)";
				INFOPLIST_FILE = bitcoinTests/Info.plist;
				LD_RUNPATH_SEARCH_PATHS = "$(inherited) @executable_path/Frameworks @loader_path/Frameworks";
				PRODUCT_BUNDLE_IDENTIFIER = de.santoscorrea.bitcoinTests;
				PRODUCT_NAME = "$(TARGET_NAME)";
				SWIFT_VERSION = 4.0;
				TARGETED_DEVICE_FAMILY = "1,2";
				TEST_HOST = "$(BUILT_PRODUCTS_DIR)/bitcoin.app/bitcoin";
			};
			name = Debug;
		};
		D46A19D81F1923280038B44C /* Release */ = {
			isa = XCBuildConfiguration;
			buildSettings = {
				ALWAYS_EMBED_SWIFT_STANDARD_LIBRARIES = YES;
				BUNDLE_LOADER = "$(TEST_HOST)";
				INFOPLIST_FILE = bitcoinTests/Info.plist;
				LD_RUNPATH_SEARCH_PATHS = "$(inherited) @executable_path/Frameworks @loader_path/Frameworks";
				PRODUCT_BUNDLE_IDENTIFIER = de.santoscorrea.bitcoinTests;
				PRODUCT_NAME = "$(TARGET_NAME)";
				SWIFT_VERSION = 4.0;
				TARGETED_DEVICE_FAMILY = "1,2";
				TEST_HOST = "$(BUILT_PRODUCTS_DIR)/bitcoin.app/bitcoin";
			};
			name = Release;
		};
/* End XCBuildConfiguration section */

/* Begin XCConfigurationList section */
		D46A19B11F1923280038B44C /* Build configuration list for PBXProject "bitcoin" */ = {
			isa = XCConfigurationList;
			buildConfigurations = (
				D46A19D11F1923280038B44C /* Debug */,
				D46A19D21F1923280038B44C /* Release */,
			);
			defaultConfigurationIsVisible = 0;
			defaultConfigurationName = Release;
		};
		D46A19D31F1923280038B44C /* Build configuration list for PBXNativeTarget "bitcoin" */ = {
			isa = XCConfigurationList;
			buildConfigurations = (
				D46A19D41F1923280038B44C /* Debug */,
				D46A19D51F1923280038B44C /* Release */,
			);
			defaultConfigurationIsVisible = 0;
			defaultConfigurationName = Release;
		};
		D46A19D61F1923280038B44C /* Build configuration list for PBXNativeTarget "bitcoinTests" */ = {
			isa = XCConfigurationList;
			buildConfigurations = (
				D46A19D71F1923280038B44C /* Debug */,
				D46A19D81F1923280038B44C /* Release */,
			);
			defaultConfigurationIsVisible = 0;
			defaultConfigurationName = Release;
		};
/* End XCConfigurationList section */
	};
	rootObject = D46A19AE1F1923280038B44C /* Project object */;
}
